
Microsoft Visual Studio Solution File, Format Version 12.00
# Visual Studio 14
VisualStudioVersion = 14.0.24720.0
MinimumVisualStudioVersion = 10.0.40219.1
Project("{FAE04EC0-301F-11D3-BF4B-00C04F79EFBC}") = "AdvancedCoroutines", "AdvancedCoroutines.csproj", "{A08A72CA-484E-4DA3-866D-794C0D0AB787}"
EndProject
Project("{FAE04EC0-301F-11D3-BF4B-00C04F79EFBC}") = "AdvancedCoroutines.Test", "..\AdvancedCoroutinesTest\AdvancedCoroutines.Test\AdvancedCoroutines.Test.csproj", "{D42A3935-3411-4F92-BA1B-548A61F21BD2}"
EndProject
Global
	GlobalSection(SolutionConfigurationPlatforms) = preSolution
		Debug|Any CPU = Debug|Any CPU
		Release|Any CPU = Release|Any CPU
	EndGlobalSection
	GlobalSection(ProjectConfigurationPlatforms) = postSolution
		{A08A72CA-484E-4DA3-866D-794C0D0AB787}.Debug|Any CPU.ActiveCfg = Debug|Any CPU
		{A08A72CA-484E-4DA3-866D-794C0D0AB787}.Debug|Any CPU.Build.0 = Debug|Any CPU
		{A08A72CA-484E-4DA3-866D-794C0D0AB787}.Debug|Any CPU.Deploy.0 = Debug|Any CPU
		{A08A72CA-484E-4DA3-866D-794C0D0AB787}.Release|Any CPU.ActiveCfg = Release|Any CPU
		{A08A72CA-484E-4DA3-866D-794C0D0AB787}.Release|Any CPU.Build.0 = Release|Any CPU
		{D42A3935-3411-4F92-BA1B-548A61F21BD2}.Debug|Any CPU.ActiveCfg = Debug|Any CPU
		{D42A3935-3411-4F92-BA1B-548A61F21BD2}.Debug|Any CPU.Build.0 = Debug|Any CPU
		{D42A3935-3411-4F92-BA1B-548A61F21BD2}.Release|Any CPU.ActiveCfg = Release|Any CPU
	EndGlobalSection
	GlobalSection(SolutionProperties) = preSolution
		HideSolutionNode = FALSE
	EndGlobalSection
EndGlobal
